
Microsoft Visual Studio Solution File, Format Version 12.00
# Visual Studio Version 17
VisualStudioVersion = 17.0.31903.59
MinimumVisualStudioVersion = 10.0.40219.1
Project("{9A19103F-16F7-4668-BE54-9A1E7A4F7556}") = "BrakemanRadio", "BrakemanRadio\BrakemanRadio.csproj", "{1A7EBCB7-2445-4D77-A365-9AF003B15596}"
EndProject
Project("{2150E333-8FDC-42A3-9474-1A3956D46DE8}") = "Solution Items", "Solution Items", "{97267B95-85C1-46C4-9161-3193D4B22CEB}"
	ProjectSection(SolutionItems) = preProject
		info.json = info.json
		LICENSE = LICENSE
		package.ps1 = package.ps1
		README.md = README.md
		repository.json = repository.json
	EndProjectSection
EndProject
Global
	GlobalSection(SolutionConfigurationPlatforms) = preSolution
		Debug|Any CPU = Debug|Any CPU
		Release|Any CPU = Release|Any CPU
	EndGlobalSection
	GlobalSection(ProjectConfigurationPlatforms) = postSolution
		{1A7EBCB7-2445-4D77-A365-9AF003B15596}.Debug|Any CPU.ActiveCfg = Debug|Any CPU
		{1A7EBCB7-2445-4D77-A365-9AF003B15596}.Debug|Any CPU.Build.0 = Debug|Any CPU
		{1A7EBCB7-2445-4D77-A365-9AF003B15596}.Release|Any CPU.ActiveCfg = Release|Any CPU
		{1A7EBCB7-2445-4D77-A365-9AF003B15596}.Release|Any CPU.Build.0 = Release|Any CPU
	EndGlobalSection
	GlobalSection(SolutionProperties) = preSolution
		HideSolutionNode = FALSE
	EndGlobalSection
	GlobalSection(ExtensibilityGlobals) = postSolution
		SolutionGuid = {0B77034F-689C-4D4D-8278-E2B07EDE119A}
	EndGlobalSection
EndGlobal
